# THIS IS AN AUTOGENERATED FILE. DO NOT EDIT THIS FILE DIRECTLY.
# yarn lockfile v1


"@balancer-labs/v2-interfaces@^0.4.0":
  version "0.4.0"
  resolved "https://registry.yarnpkg.com/@balancer-labs/v2-interfaces/-/v2-interfaces-0.4.0.tgz#9bfc2aed7bed4208ebf4b18a14664d8e90d4c141"
  integrity sha512-K0ij26m8/UOvdPmrAnuh/C7kT8OQupsgV8KRyIt+aTHW1KbPOi4v8zLMwW2AwSYMSRjPK2A/ttlnNizT0iA4Qg==
